
Microsoft Visual Studio Solution File, Format Version 12.00
# Visual Studio Version 16
VisualStudioVersion = 16.0.31424.327
MinimumVisualStudioVersion = 10.0.40219.1
Project("{9A19103F-16F7-4668-BE54-9A1E7A4F7556}") = "AdsSymbolicServerSample", "..\AdsSymbolicServerSample.csproj", "{192EF558-AEF4-4879-A9CB-5FA3BFAFE6BE}"
EndProject
Global
	GlobalSection(SolutionConfigurationPlatforms) = preSolution
		Debug|Any CPU = Debug|Any CPU
		Release|Any CPU = Release|Any CPU
	EndGlobalSection
	GlobalSection(ProjectConfigurationPlatforms) = postSolution
		{192EF558-AEF4-4879-A9CB-5FA3BFAFE6BE}.Debug|Any CPU.ActiveCfg = Debug|Any CPU
		{192EF558-AEF4-4879-A9CB-5FA3BFAFE6BE}.Debug|Any CPU.Build.0 = Debug|Any CPU
		{192EF558-AEF4-4879-A9CB-5FA3BFAFE6BE}.Release|Any CPU.ActiveCfg = Release|Any CPU
		{192EF558-AEF4-4879-A9CB-5FA3BFAFE6BE}.Release|Any CPU.Build.0 = Release|Any CPU
	EndGlobalSection
	GlobalSection(SolutionProperties) = preSolution
		HideSolutionNode = FALSE
	EndGlobalSection
	GlobalSection(ExtensibilityGlobals) = postSolution
		SolutionGuid = {6EDBCDA3-4CF4-4860-9E54-E72AD010BAF6}
	EndGlobalSection
EndGlobal
