
Microsoft Visual Studio Solution File, Format Version 12.00
# Visual Studio Version 16
VisualStudioVersion = 16.0.32228.343
MinimumVisualStudioVersion = 10.0.40219.1
Project("{9A19103F-16F7-4668-BE54-9A1E7A4F7556}") = "S02_AccessByVarName", "AccessByVarName\S02_AccessByVarName.csproj", "{15C17AFB-0A74-4D43-8D4D-E78207804490}"
EndProject
Project("{9A19103F-16F7-4668-BE54-9A1E7A4F7556}") = "S03_EventReading", "EventReading\S03_EventReading.csproj", "{BCB7A91E-EFE8-412D-ABAC-FB7BFD482F96}"
EndProject
Project("{9A19103F-16F7-4668-BE54-9A1E7A4F7556}") = "S50_Heartbeat", "Heartbeat\S50_Heartbeat.csproj", "{9E9DB284-B646-4B5E-9B71-73688D131F3A}"
EndProject
Project("{9A19103F-16F7-4668-BE54-9A1E7A4F7556}") = "S30_MethodCall", "MethodCall\S30_MethodCall.csproj", "{42C6221E-3C67-40FF-8594-BC33E3816AA5}"
EndProject
Project("{9A19103F-16F7-4668-BE54-9A1E7A4F7556}") = "S20_PLCStartStop", "PLCStartStop\S20_PLCStartStop.csproj", "{0CF72DB0-BE73-4B21-880A-D40CDCF8308A}"
EndProject
Project("{9A19103F-16F7-4668-BE54-9A1E7A4F7556}") = "S80_Reactive", "Reactive\S80_Reactive.csproj", "{47C4DF17-D993-44D4-BC05-2EA7CE015E6F}"
EndProject
Project("{9A19103F-16F7-4668-BE54-9A1E7A4F7556}") = "S12_ReadArray", "ReadArray\S12_ReadArray.csproj", "{1F1F166B-A628-4175-B4BC-3516BCF8065C}"
EndProject
Project("{9A19103F-16F7-4668-BE54-9A1E7A4F7556}") = "S21_ReadVariableDeclaration", "ReadVariableDeclaration\S21_ReadVariableDeclaration.csproj", "{36D02C14-61D0-449D-9237-7385F98CBFFC}"
EndProject
Project("{9A19103F-16F7-4668-BE54-9A1E7A4F7556}") = "S14_ReadWriteAnyType", "ReadWriteAnyType\S14_ReadWriteAnyType.csproj", "{F672360E-D752-4C3F-8B5A-15E52C10F0E3}"
EndProject
Project("{9A19103F-16F7-4668-BE54-9A1E7A4F7556}") = "S11_ReadWriteDateTime", "ReadWriteDateTime\S11_ReadWriteDateTime.csproj", "{BA71B3B8-A30F-4E48-8913-D3489294CC8F}"
EndProject
Project("{9A19103F-16F7-4668-BE54-9A1E7A4F7556}") = "S01_ReadWriteFlag", "ReadWriteFlag\S01_ReadWriteFlag.csproj", "{CAC4A0C4-C1E0-4E6E-B53B-EC5D6B3F8EFA}"
EndProject
Project("{9A19103F-16F7-4668-BE54-9A1E7A4F7556}") = "S10_ReadWriteString", "ReadWriteString\S10_ReadWriteString.csproj", "{8E14D9F6-4A7B-4594-9203-3C491D4230A8}"
EndProject
Project("{9A19103F-16F7-4668-BE54-9A1E7A4F7556}") = "S60_Server", "Server\S60_Server.csproj", "{7DAED30B-0F61-4B4A-9DB1-4319236F6035}"
EndProject
Project("{9A19103F-16F7-4668-BE54-9A1E7A4F7556}") = "S22_AdsSumReadWrite", "SumReadWrite\S22_AdsSumReadWrite.csproj", "{DEFA7895-3DB9-4B49-A9A2-D4CECAADA095}"
EndProject
Project("{9A19103F-16F7-4668-BE54-9A1E7A4F7556}") = "S23_TcStateChange", "TcStateChange\S23_TcStateChange.csproj", "{592C89E5-2C6C-4899-B106-F60359B785EA}"
EndProject
Project("{9A19103F-16F7-4668-BE54-9A1E7A4F7556}") = "S40_WPFConnectionObserver", "WPFConnectionObserver\S40_WPFConnectionObserver.csproj", "{D7AAD397-E747-42FE-998E-2A4A5E63C745}"
EndProject
Project("{2150E333-8FDC-42A3-9474-1A3956D46DE8}") = "Solution Items", "Solution Items", "{68BB1CC9-3B37-487F-9E05-01C1E8D3E0D7}"
EndProject
Project("{9A19103F-16F7-4668-BE54-9A1E7A4F7556}") = "S13_WriteStruct", "WriteStruct\S13_WriteStruct.csproj", "{7D23192A-354F-434A-8FFF-E42C7845B196}"
EndProject
Project("{B1E792BE-AA5F-4E3C-8C82-674BF9C0715B}") = "TwinCAT_Demo_PLC", "TwinCAT_Demo_PLC\TwinCAT_Demo_PLC.tsproj", "{2AEF6D69-987E-4C7A-932E-FD81411C270A}"
EndProject
Global
	GlobalSection(SolutionConfigurationPlatforms) = preSolution
		Debug|Any CPU = Debug|Any CPU
		Debug|TwinCAT CE7 (ARMV7) = Debug|TwinCAT CE7 (ARMV7)
		Debug|TwinCAT OS (ARMT2) = Debug|TwinCAT OS (ARMT2)
		Debug|TwinCAT RT (x64) = Debug|TwinCAT RT (x64)
		Debug|TwinCAT RT (x86) = Debug|TwinCAT RT (x86)
		Release|Any CPU = Release|Any CPU
		Release|TwinCAT CE7 (ARMV7) = Release|TwinCAT CE7 (ARMV7)
		Release|TwinCAT OS (ARMT2) = Release|TwinCAT OS (ARMT2)
		Release|TwinCAT RT (x64) = Release|TwinCAT RT (x64)
		Release|TwinCAT RT (x86) = Release|TwinCAT RT (x86)
	EndGlobalSection
	GlobalSection(ProjectConfigurationPlatforms) = postSolution
		{15C17AFB-0A74-4D43-8D4D-E78207804490}.Debug|Any CPU.ActiveCfg = Debug|Any CPU
		{15C17AFB-0A74-4D43-8D4D-E78207804490}.Debug|Any CPU.Build.0 = Debug|Any CPU
		{15C17AFB-0A74-4D43-8D4D-E78207804490}.Debug|TwinCAT CE7 (ARMV7).ActiveCfg = Debug|Any CPU
		{15C17AFB-0A74-4D43-8D4D-E78207804490}.Debug|TwinCAT CE7 (ARMV7).Build.0 = Debug|Any CPU
		{15C17AFB-0A74-4D43-8D4D-E78207804490}.Debug|TwinCAT OS (ARMT2).ActiveCfg = Debug|Any CPU
		{15C17AFB-0A74-4D43-8D4D-E78207804490}.Debug|TwinCAT OS (ARMT2).Build.0 = Debug|Any CPU
		{15C17AFB-0A74-4D43-8D4D-E78207804490}.Debug|TwinCAT RT (x64).ActiveCfg = Debug|Any CPU
		{15C17AFB-0A74-4D43-8D4D-E78207804490}.Debug|TwinCAT RT (x64).Build.0 = Debug|Any CPU
		{15C17AFB-0A74-4D43-8D4D-E78207804490}.Debug|TwinCAT RT (x86).ActiveCfg = Debug|Any CPU
		{15C17AFB-0A74-4D43-8D4D-E78207804490}.Debug|TwinCAT RT (x86).Build.0 = Debug|Any CPU
		{15C17AFB-0A74-4D43-8D4D-E78207804490}.Release|Any CPU.ActiveCfg = Release|Any CPU
		{15C17AFB-0A74-4D43-8D4D-E78207804490}.Release|Any CPU.Build.0 = Release|Any CPU
		{15C17AFB-0A74-4D43-8D4D-E78207804490}.Release|TwinCAT CE7 (ARMV7).ActiveCfg = Release|Any CPU
		{15C17AFB-0A74-4D43-8D4D-E78207804490}.Release|TwinCAT CE7 (ARMV7).Build.0 = Release|Any CPU
		{15C17AFB-0A74-4D43-8D4D-E78207804490}.Release|TwinCAT OS (ARMT2).ActiveCfg = Release|Any CPU
		{15C17AFB-0A74-4D43-8D4D-E78207804490}.Release|TwinCAT OS (ARMT2).Build.0 = Release|Any CPU
		{15C17AFB-0A74-4D43-8D4D-E78207804490}.Release|TwinCAT RT (x64).ActiveCfg = Release|Any CPU
		{15C17AFB-0A74-4D43-8D4D-E78207804490}.Release|TwinCAT RT (x64).Build.0 = Release|Any CPU
		{15C17AFB-0A74-4D43-8D4D-E78207804490}.Release|TwinCAT RT (x86).ActiveCfg = Release|Any CPU
		{15C17AFB-0A74-4D43-8D4D-E78207804490}.Release|TwinCAT RT (x86).Build.0 = Release|Any CPU
		{BCB7A91E-EFE8-412D-ABAC-FB7BFD482F96}.Debug|Any CPU.ActiveCfg = Debug|Any CPU
		{BCB7A91E-EFE8-412D-ABAC-FB7BFD482F96}.Debug|Any CPU.Build.0 = Debug|Any CPU
		{BCB7A91E-EFE8-412D-ABAC-FB7BFD482F96}.Debug|TwinCAT CE7 (ARMV7).ActiveCfg = Debug|Any CPU
		{BCB7A91E-EFE8-412D-ABAC-FB7BFD482F96}.Debug|TwinCAT CE7 (ARMV7).Build.0 = Debug|Any CPU
		{BCB7A91E-EFE8-412D-ABAC-FB7BFD482F96}.Debug|TwinCAT OS (ARMT2).ActiveCfg = Debug|Any CPU
		{BCB7A91E-EFE8-412D-ABAC-FB7BFD482F96}.Debug|TwinCAT OS (ARMT2).Build.0 = Debug|Any CPU
		{BCB7A91E-EFE8-412D-ABAC-FB7BFD482F96}.Debug|TwinCAT RT (x64).ActiveCfg = Debug|Any CPU
		{BCB7A91E-EFE8-412D-ABAC-FB7BFD482F96}.Debug|TwinCAT RT (x64).Build.0 = Debug|Any CPU
		{BCB7A91E-EFE8-412D-ABAC-FB7BFD482F96}.Debug|TwinCAT RT (x86).ActiveCfg = Debug|Any CPU
		{BCB7A91E-EFE8-412D-ABAC-FB7BFD482F96}.Debug|TwinCAT RT (x86).Build.0 = Debug|Any CPU
		{BCB7A91E-EFE8-412D-ABAC-FB7BFD482F96}.Release|Any CPU.ActiveCfg = Release|Any CPU
		{BCB7A91E-EFE8-412D-ABAC-FB7BFD482F96}.Release|Any CPU.Build.0 = Release|Any CPU
		{BCB7A91E-EFE8-412D-ABAC-FB7BFD482F96}.Release|TwinCAT CE7 (ARMV7).ActiveCfg = Release|Any CPU
		{BCB7A91E-EFE8-412D-ABAC-FB7BFD482F96}.Release|TwinCAT CE7 (ARMV7).Build.0 = Release|Any CPU
		{BCB7A91E-EFE8-412D-ABAC-FB7BFD482F96}.Release|TwinCAT OS (ARMT2).ActiveCfg = Release|Any CPU
		{BCB7A91E-EFE8-412D-ABAC-FB7BFD482F96}.Release|TwinCAT OS (ARMT2).Build.0 = Release|Any CPU
		{BCB7A91E-EFE8-412D-ABAC-FB7BFD482F96}.Release|TwinCAT RT (x64).ActiveCfg = Release|Any CPU
		{BCB7A91E-EFE8-412D-ABAC-FB7BFD482F96}.Release|TwinCAT RT (x64).Build.0 = Release|Any CPU
		{BCB7A91E-EFE8-412D-ABAC-FB7BFD482F96}.Release|TwinCAT RT (x86).ActiveCfg = Release|Any CPU
		{BCB7A91E-EFE8-412D-ABAC-FB7BFD482F96}.Release|TwinCAT RT (x86).Build.0 = Release|Any CPU
		{9E9DB284-B646-4B5E-9B71-73688D131F3A}.Debug|Any CPU.ActiveCfg = Debug|Any CPU
		{9E9DB284-B646-4B5E-9B71-73688D131F3A}.Debug|Any CPU.Build.0 = Debug|Any CPU
		{9E9DB284-B646-4B5E-9B71-73688D131F3A}.Debug|TwinCAT CE7 (ARMV7).ActiveCfg = Debug|Any CPU
		{9E9DB284-B646-4B5E-9B71-73688D131F3A}.Debug|TwinCAT CE7 (ARMV7).Build.0 = Debug|Any CPU
		{9E9DB284-B646-4B5E-9B71-73688D131F3A}.Debug|TwinCAT OS (ARMT2).ActiveCfg = Debug|Any CPU
		{9E9DB284-B646-4B5E-9B71-73688D131F3A}.Debug|TwinCAT OS (ARMT2).Build.0 = Debug|Any CPU
		{9E9DB284-B646-4B5E-9B71-73688D131F3A}.Debug|TwinCAT RT (x64).ActiveCfg = Debug|Any CPU
		{9E9DB284-B646-4B5E-9B71-73688D131F3A}.Debug|TwinCAT RT (x64).Build.0 = Debug|Any CPU
		{9E9DB284-B646-4B5E-9B71-73688D131F3A}.Debug|TwinCAT RT (x86).ActiveCfg = Debug|Any CPU
		{9E9DB284-B646-4B5E-9B71-73688D131F3A}.Debug|TwinCAT RT (x86).Build.0 = Debug|Any CPU
		{9E9DB284-B646-4B5E-9B71-73688D131F3A}.Release|Any CPU.ActiveCfg = Release|Any CPU
		{9E9DB284-B646-4B5E-9B71-73688D131F3A}.Release|Any CPU.Build.0 = Release|Any CPU
		{9E9DB284-B646-4B5E-9B71-73688D131F3A}.Release|TwinCAT CE7 (ARMV7).ActiveCfg = Release|Any CPU
		{9E9DB284-B646-4B5E-9B71-73688D131F3A}.Release|TwinCAT CE7 (ARMV7).Build.0 = Release|Any CPU
		{9E9DB284-B646-4B5E-9B71-73688D131F3A}.Release|TwinCAT OS (ARMT2).ActiveCfg = Release|Any CPU
		{9E9DB284-B646-4B5E-9B71-73688D131F3A}.Release|TwinCAT OS (ARMT2).Build.0 = Release|Any CPU
		{9E9DB284-B646-4B5E-9B71-73688D131F3A}.Release|TwinCAT RT (x64).ActiveCfg = Release|Any CPU
		{9E9DB284-B646-4B5E-9B71-73688D131F3A}.Release|TwinCAT RT (x64).Build.0 = Release|Any CPU
		{9E9DB284-B646-4B5E-9B71-73688D131F3A}.Release|TwinCAT RT (x86).ActiveCfg = Release|Any CPU
		{9E9DB284-B646-4B5E-9B71-73688D131F3A}.Release|TwinCAT RT (x86).Build.0 = Release|Any CPU
		{42C6221E-3C67-40FF-8594-BC33E3816AA5}.Debug|Any CPU.ActiveCfg = Debug|Any CPU
		{42C6221E-3C67-40FF-8594-BC33E3816AA5}.Debug|Any CPU.Build.0 = Debug|Any CPU
		{42C6221E-3C67-40FF-8594-BC33E3816AA5}.Debug|TwinCAT CE7 (ARMV7).ActiveCfg = Debug|Any CPU
		{42C6221E-3C67-40FF-8594-BC33E3816AA5}.Debug|TwinCAT CE7 (ARMV7).Build.0 = Debug|Any CPU
		{42C6221E-3C67-40FF-8594-BC33E3816AA5}.Debug|TwinCAT OS (ARMT2).ActiveCfg = Debug|Any CPU
		{42C6221E-3C67-40FF-8594-BC33E3816AA5}.Debug|TwinCAT OS (ARMT2).Build.0 = Debug|Any CPU
		{42C6221E-3C67-40FF-8594-BC33E3816AA5}.Debug|TwinCAT RT (x64).ActiveCfg = Debug|Any CPU
		{42C6221E-3C67-40FF-8594-BC33E3816AA5}.Debug|TwinCAT RT (x64).Build.0 = Debug|Any CPU
		{42C6221E-3C67-40FF-8594-BC33E3816AA5}.Debug|TwinCAT RT (x86).ActiveCfg = Debug|Any CPU
		{42C6221E-3C67-40FF-8594-BC33E3816AA5}.Debug|TwinCAT RT (x86).Build.0 = Debug|Any CPU
		{42C6221E-3C67-40FF-8594-BC33E3816AA5}.Release|Any CPU.ActiveCfg = Release|Any CPU
		{42C6221E-3C67-40FF-8594-BC33E3816AA5}.Release|Any CPU.Build.0 = Release|Any CPU
		{42C6221E-3C67-40FF-8594-BC33E3816AA5}.Release|TwinCAT CE7 (ARMV7).ActiveCfg = Release|Any CPU
		{42C6221E-3C67-40FF-8594-BC33E3816AA5}.Release|TwinCAT CE7 (ARMV7).Build.0 = Release|Any CPU
		{42C6221E-3C67-40FF-8594-BC33E3816AA5}.Release|TwinCAT OS (ARMT2).ActiveCfg = Release|Any CPU
		{42C6221E-3C67-40FF-8594-BC33E3816AA5}.Release|TwinCAT OS (ARMT2).Build.0 = Release|Any CPU
		{42C6221E-3C67-40FF-8594-BC33E3816AA5}.Release|TwinCAT RT (x64).ActiveCfg = Release|Any CPU
		{42C6221E-3C67-40FF-8594-BC33E3816AA5}.Release|TwinCAT RT (x64).Build.0 = Release|Any CPU
		{42C6221E-3C67-40FF-8594-BC33E3816AA5}.Release|TwinCAT RT (x86).ActiveCfg = Release|Any CPU
		{42C6221E-3C67-40FF-8594-BC33E3816AA5}.Release|TwinCAT RT (x86).Build.0 = Release|Any CPU
		{0CF72DB0-BE73-4B21-880A-D40CDCF8308A}.Debug|Any CPU.ActiveCfg = Debug|Any CPU
		{0CF72DB0-BE73-4B21-880A-D40CDCF8308A}.Debug|Any CPU.Build.0 = Debug|Any CPU
		{0CF72DB0-BE73-4B21-880A-D40CDCF8308A}.Debug|TwinCAT CE7 (ARMV7).ActiveCfg = Debug|Any CPU
		{0CF72DB0-BE73-4B21-880A-D40CDCF8308A}.Debug|TwinCAT CE7 (ARMV7).Build.0 = Debug|Any CPU
		{0CF72DB0-BE73-4B21-880A-D40CDCF8308A}.Debug|TwinCAT OS (ARMT2).ActiveCfg = Debug|Any CPU
		{0CF72DB0-BE73-4B21-880A-D40CDCF8308A}.Debug|TwinCAT OS (ARMT2).Build.0 = Debug|Any CPU
		{0CF72DB0-BE73-4B21-880A-D40CDCF8308A}.Debug|TwinCAT RT (x64).ActiveCfg = Debug|Any CPU
		{0CF72DB0-BE73-4B21-880A-D40CDCF8308A}.Debug|TwinCAT RT (x64).Build.0 = Debug|Any CPU
		{0CF72DB0-BE73-4B21-880A-D40CDCF8308A}.Debug|TwinCAT RT (x86).ActiveCfg = Debug|Any CPU
		{0CF72DB0-BE73-4B21-880A-D40CDCF8308A}.Debug|TwinCAT RT (x86).Build.0 = Debug|Any CPU
		{0CF72DB0-BE73-4B21-880A-D40CDCF8308A}.Release|Any CPU.ActiveCfg = Release|Any CPU
		{0CF72DB0-BE73-4B21-880A-D40CDCF8308A}.Release|Any CPU.Build.0 = Release|Any CPU
		{0CF72DB0-BE73-4B21-880A-D40CDCF8308A}.Release|TwinCAT CE7 (ARMV7).ActiveCfg = Release|Any CPU
		{0CF72DB0-BE73-4B21-880A-D40CDCF8308A}.Release|TwinCAT CE7 (ARMV7).Build.0 = Release|Any CPU
		{0CF72DB0-BE73-4B21-880A-D40CDCF8308A}.Release|TwinCAT OS (ARMT2).ActiveCfg = Release|Any CPU
		{0CF72DB0-BE73-4B21-880A-D40CDCF8308A}.Release|TwinCAT OS (ARMT2).Build.0 = Release|Any CPU
		{0CF72DB0-BE73-4B21-880A-D40CDCF8308A}.Release|TwinCAT RT (x64).ActiveCfg = Release|Any CPU
		{0CF72DB0-BE73-4B21-880A-D40CDCF8308A}.Release|TwinCAT RT (x64).Build.0 = Release|Any CPU
		{0CF72DB0-BE73-4B21-880A-D40CDCF8308A}.Release|TwinCAT RT (x86).ActiveCfg = Release|Any CPU
		{0CF72DB0-BE73-4B21-880A-D40CDCF8308A}.Release|TwinCAT RT (x86).Build.0 = Release|Any CPU
		{47C4DF17-D993-44D4-BC05-2EA7CE015E6F}.Debug|Any CPU.ActiveCfg = Debug|Any CPU
		{47C4DF17-D993-44D4-BC05-2EA7CE015E6F}.Debug|Any CPU.Build.0 = Debug|Any CPU
		{47C4DF17-D993-44D4-BC05-2EA7CE015E6F}.Debug|TwinCAT CE7 (ARMV7).ActiveCfg = Debug|Any CPU
		{47C4DF17-D993-44D4-BC05-2EA7CE015E6F}.Debug|TwinCAT CE7 (ARMV7).Build.0 = Debug|Any CPU
		{47C4DF17-D993-44D4-BC05-2EA7CE015E6F}.Debug|TwinCAT OS (ARMT2).ActiveCfg = Debug|Any CPU
		{47C4DF17-D993-44D4-BC05-2EA7CE015E6F}.Debug|TwinCAT OS (ARMT2).Build.0 = Debug|Any CPU
		{47C4DF17-D993-44D4-BC05-2EA7CE015E6F}.Debug|TwinCAT RT (x64).ActiveCfg = Debug|Any CPU
		{47C4DF17-D993-44D4-BC05-2EA7CE015E6F}.Debug|TwinCAT RT (x64).Build.0 = Debug|Any CPU
		{47C4DF17-D993-44D4-BC05-2EA7CE015E6F}.Debug|TwinCAT RT (x86).ActiveCfg = Debug|Any CPU
		{47C4DF17-D993-44D4-BC05-2EA7CE015E6F}.Debug|TwinCAT RT (x86).Build.0 = Debug|Any CPU
		{47C4DF17-D993-44D4-BC05-2EA7CE015E6F}.Release|Any CPU.ActiveCfg = Release|Any CPU
		{47C4DF17-D993-44D4-BC05-2EA7CE015E6F}.Release|Any CPU.Build.0 = Release|Any CPU
		{47C4DF17-D993-44D4-BC05-2EA7CE015E6F}.Release|TwinCAT CE7 (ARMV7).ActiveCfg = Release|Any CPU
		{47C4DF17-D993-44D4-BC05-2EA7CE015E6F}.Release|TwinCAT CE7 (ARMV7).Build.0 = Release|Any CPU
		{47C4DF17-D993-44D4-BC05-2EA7CE015E6F}.Release|TwinCAT OS (ARMT2).ActiveCfg = Release|Any CPU
		{47C4DF17-D993-44D4-BC05-2EA7CE015E6F}.Release|TwinCAT OS (ARMT2).Build.0 = Release|Any CPU
		{47C4DF17-D993-44D4-BC05-2EA7CE015E6F}.Release|TwinCAT RT (x64).ActiveCfg = Release|Any CPU
		{47C4DF17-D993-44D4-BC05-2EA7CE015E6F}.Release|TwinCAT RT (x64).Build.0 = Release|Any CPU
		{47C4DF17-D993-44D4-BC05-2EA7CE015E6F}.Release|TwinCAT RT (x86).ActiveCfg = Release|Any CPU
		{47C4DF17-D993-44D4-BC05-2EA7CE015E6F}.Release|TwinCAT RT (x86).Build.0 = Release|Any CPU
		{1F1F166B-A628-4175-B4BC-3516BCF8065C}.Debug|Any CPU.ActiveCfg = Debug|Any CPU
		{1F1F166B-A628-4175-B4BC-3516BCF8065C}.Debug|Any CPU.Build.0 = Debug|Any CPU
		{1F1F166B-A628-4175-B4BC-3516BCF8065C}.Debug|TwinCAT CE7 (ARMV7).ActiveCfg = Debug|Any CPU
		{1F1F166B-A628-4175-B4BC-3516BCF8065C}.Debug|TwinCAT CE7 (ARMV7).Build.0 = Debug|Any CPU
		{1F1F166B-A628-4175-B4BC-3516BCF8065C}.Debug|TwinCAT OS (ARMT2).ActiveCfg = Debug|Any CPU
		{1F1F166B-A628-4175-B4BC-3516BCF8065C}.Debug|TwinCAT OS (ARMT2).Build.0 = Debug|Any CPU
		{1F1F166B-A628-4175-B4BC-3516BCF8065C}.Debug|TwinCAT RT (x64).ActiveCfg = Debug|Any CPU
		{1F1F166B-A628-4175-B4BC-3516BCF8065C}.Debug|TwinCAT RT (x64).Build.0 = Debug|Any CPU
		{1F1F166B-A628-4175-B4BC-3516BCF8065C}.Debug|TwinCAT RT (x86).ActiveCfg = Debug|Any CPU
		{1F1F166B-A628-4175-B4BC-3516BCF8065C}.Debug|TwinCAT RT (x86).Build.0 = Debug|Any CPU
		{1F1F166B-A628-4175-B4BC-3516BCF8065C}.Release|Any CPU.ActiveCfg = Release|Any CPU
		{1F1F166B-A628-4175-B4BC-3516BCF8065C}.Release|Any CPU.Build.0 = Release|Any CPU
		{1F1F166B-A628-4175-B4BC-3516BCF8065C}.Release|TwinCAT CE7 (ARMV7).ActiveCfg = Release|Any CPU
		{1F1F166B-A628-4175-B4BC-3516BCF8065C}.Release|TwinCAT CE7 (ARMV7).Build.0 = Release|Any CPU
		{1F1F166B-A628-4175-B4BC-3516BCF8065C}.Release|TwinCAT OS (ARMT2).ActiveCfg = Release|Any CPU
		{1F1F166B-A628-4175-B4BC-3516BCF8065C}.Release|TwinCAT OS (ARMT2).Build.0 = Release|Any CPU
		{1F1F166B-A628-4175-B4BC-3516BCF8065C}.Release|TwinCAT RT (x64).ActiveCfg = Release|Any CPU
		{1F1F166B-A628-4175-B4BC-3516BCF8065C}.Release|TwinCAT RT (x64).Build.0 = Release|Any CPU
		{1F1F166B-A628-4175-B4BC-3516BCF8065C}.Release|TwinCAT RT (x86).ActiveCfg = Release|Any CPU
		{1F1F166B-A628-4175-B4BC-3516BCF8065C}.Release|TwinCAT RT (x86).Build.0 = Release|Any CPU
		{36D02C14-61D0-449D-9237-7385F98CBFFC}.Debug|Any CPU.ActiveCfg = Debug|Any CPU
		{36D02C14-61D0-449D-9237-7385F98CBFFC}.Debug|Any CPU.Build.0 = Debug|Any CPU
		{36D02C14-61D0-449D-9237-7385F98CBFFC}.Debug|TwinCAT CE7 (ARMV7).ActiveCfg = Debug|Any CPU
		{36D02C14-61D0-449D-9237-7385F98CBFFC}.Debug|TwinCAT CE7 (ARMV7).Build.0 = Debug|Any CPU
		{36D02C14-61D0-449D-9237-7385F98CBFFC}.Debug|TwinCAT OS (ARMT2).ActiveCfg = Debug|Any CPU
		{36D02C14-61D0-449D-9237-7385F98CBFFC}.Debug|TwinCAT OS (ARMT2).Build.0 = Debug|Any CPU
		{36D02C14-61D0-449D-9237-7385F98CBFFC}.Debug|TwinCAT RT (x64).ActiveCfg = Debug|Any CPU
		{36D02C14-61D0-449D-9237-7385F98CBFFC}.Debug|TwinCAT RT (x64).Build.0 = Debug|Any CPU
		{36D02C14-61D0-449D-9237-7385F98CBFFC}.Debug|TwinCAT RT (x86).ActiveCfg = Debug|Any CPU
		{36D02C14-61D0-449D-9237-7385F98CBFFC}.Debug|TwinCAT RT (x86).Build.0 = Debug|Any CPU
		{36D02C14-61D0-449D-9237-7385F98CBFFC}.Release|Any CPU.ActiveCfg = Release|Any CPU
		{36D02C14-61D0-449D-9237-7385F98CBFFC}.Release|Any CPU.Build.0 = Release|Any CPU
		{36D02C14-61D0-449D-9237-7385F98CBFFC}.Release|TwinCAT CE7 (ARMV7).ActiveCfg = Release|Any CPU
		{36D02C14-61D0-449D-9237-7385F98CBFFC}.Release|TwinCAT CE7 (ARMV7).Build.0 = Release|Any CPU
		{36D02C14-61D0-449D-9237-7385F98CBFFC}.Release|TwinCAT OS (ARMT2).ActiveCfg = Release|Any CPU
		{36D02C14-61D0-449D-9237-7385F98CBFFC}.Release|TwinCAT OS (ARMT2).Build.0 = Release|Any CPU
		{36D02C14-61D0-449D-9237-7385F98CBFFC}.Release|TwinCAT RT (x64).ActiveCfg = Release|Any CPU
		{36D02C14-61D0-449D-9237-7385F98CBFFC}.Release|TwinCAT RT (x64).Build.0 = Release|Any CPU
		{36D02C14-61D0-449D-9237-7385F98CBFFC}.Release|TwinCAT RT (x86).ActiveCfg = Release|Any CPU
		{36D02C14-61D0-449D-9237-7385F98CBFFC}.Release|TwinCAT RT (x86).Build.0 = Release|Any CPU
		{F672360E-D752-4C3F-8B5A-15E52C10F0E3}.Debug|Any CPU.ActiveCfg = Debug|Any CPU
		{F672360E-D752-4C3F-8B5A-15E52C10F0E3}.Debug|Any CPU.Build.0 = Debug|Any CPU
		{F672360E-D752-4C3F-8B5A-15E52C10F0E3}.Debug|TwinCAT CE7 (ARMV7).ActiveCfg = Debug|Any CPU
		{F672360E-D752-4C3F-8B5A-15E52C10F0E3}.Debug|TwinCAT CE7 (ARMV7).Build.0 = Debug|Any CPU
		{F672360E-D752-4C3F-8B5A-15E52C10F0E3}.Debug|TwinCAT OS (ARMT2).ActiveCfg = Debug|Any CPU
		{F672360E-D752-4C3F-8B5A-15E52C10F0E3}.Debug|TwinCAT OS (ARMT2).Build.0 = Debug|Any CPU
		{F672360E-D752-4C3F-8B5A-15E52C10F0E3}.Debug|TwinCAT RT (x64).ActiveCfg = Debug|Any CPU
		{F672360E-D752-4C3F-8B5A-15E52C10F0E3}.Debug|TwinCAT RT (x64).Build.0 = Debug|Any CPU
		{F672360E-D752-4C3F-8B5A-15E52C10F0E3}.Debug|TwinCAT RT (x86).ActiveCfg = Debug|Any CPU
		{F672360E-D752-4C3F-8B5A-15E52C10F0E3}.Debug|TwinCAT RT (x86).Build.0 = Debug|Any CPU
		{F672360E-D752-4C3F-8B5A-15E52C10F0E3}.Release|Any CPU.ActiveCfg = Release|Any CPU
		{F672360E-D752-4C3F-8B5A-15E52C10F0E3}.Release|Any CPU.Build.0 = Release|Any CPU
		{F672360E-D752-4C3F-8B5A-15E52C10F0E3}.Release|TwinCAT CE7 (ARMV7).ActiveCfg = Release|Any CPU
		{F672360E-D752-4C3F-8B5A-15E52C10F0E3}.Release|TwinCAT CE7 (ARMV7).Build.0 = Release|Any CPU
		{F672360E-D752-4C3F-8B5A-15E52C10F0E3}.Release|TwinCAT OS (ARMT2).ActiveCfg = Release|Any CPU
		{F672360E-D752-4C3F-8B5A-15E52C10F0E3}.Release|TwinCAT OS (ARMT2).Build.0 = Release|Any CPU
		{F672360E-D752-4C3F-8B5A-15E52C10F0E3}.Release|TwinCAT RT (x64).ActiveCfg = Release|Any CPU
		{F672360E-D752-4C3F-8B5A-15E52C10F0E3}.Release|TwinCAT RT (x64).Build.0 = Release|Any CPU
		{F672360E-D752-4C3F-8B5A-15E52C10F0E3}.Release|TwinCAT RT (x86).ActiveCfg = Release|Any CPU
		{F672360E-D752-4C3F-8B5A-15E52C10F0E3}.Release|TwinCAT RT (x86).Build.0 = Release|Any CPU
		{BA71B3B8-A30F-4E48-8913-D3489294CC8F}.Debug|Any CPU.ActiveCfg = Debug|Any CPU
		{BA71B3B8-A30F-4E48-8913-D3489294CC8F}.Debug|Any CPU.Build.0 = Debug|Any CPU
		{BA71B3B8-A30F-4E48-8913-D3489294CC8F}.Debug|TwinCAT CE7 (ARMV7).ActiveCfg = Debug|Any CPU
		{BA71B3B8-A30F-4E48-8913-D3489294CC8F}.Debug|TwinCAT CE7 (ARMV7).Build.0 = Debug|Any CPU
		{BA71B3B8-A30F-4E48-8913-D3489294CC8F}.Debug|TwinCAT OS (ARMT2).ActiveCfg = Debug|Any CPU
		{BA71B3B8-A30F-4E48-8913-D3489294CC8F}.Debug|TwinCAT OS (ARMT2).Build.0 = Debug|Any CPU
		{BA71B3B8-A30F-4E48-8913-D3489294CC8F}.Debug|TwinCAT RT (x64).ActiveCfg = Debug|Any CPU
		{BA71B3B8-A30F-4E48-8913-D3489294CC8F}.Debug|TwinCAT RT (x64).Build.0 = Debug|Any CPU
		{BA71B3B8-A30F-4E48-8913-D3489294CC8F}.Debug|TwinCAT RT (x86).ActiveCfg = Debug|Any CPU
		{BA71B3B8-A30F-4E48-8913-D3489294CC8F}.Debug|TwinCAT RT (x86).Build.0 = Debug|Any CPU
		{BA71B3B8-A30F-4E48-8913-D3489294CC8F}.Release|Any CPU.ActiveCfg = Release|Any CPU
		{BA71B3B8-A30F-4E48-8913-D3489294CC8F}.Release|Any CPU.Build.0 = Release|Any CPU
		{BA71B3B8-A30F-4E48-8913-D3489294CC8F}.Release|TwinCAT CE7 (ARMV7).ActiveCfg = Release|Any CPU
		{BA71B3B8-A30F-4E48-8913-D3489294CC8F}.Release|TwinCAT CE7 (ARMV7).Build.0 = Release|Any CPU
		{BA71B3B8-A30F-4E48-8913-D3489294CC8F}.Release|TwinCAT OS (ARMT2).ActiveCfg = Release|Any CPU
		{BA71B3B8-A30F-4E48-8913-D3489294CC8F}.Release|TwinCAT OS (ARMT2).Build.0 = Release|Any CPU
		{BA71B3B8-A30F-4E48-8913-D3489294CC8F}.Release|TwinCAT RT (x64).ActiveCfg = Release|Any CPU
		{BA71B3B8-A30F-4E48-8913-D3489294CC8F}.Release|TwinCAT RT (x64).Build.0 = Release|Any CPU
		{BA71B3B8-A30F-4E48-8913-D3489294CC8F}.Release|TwinCAT RT (x86).ActiveCfg = Release|Any CPU
		{BA71B3B8-A30F-4E48-8913-D3489294CC8F}.Release|TwinCAT RT (x86).Build.0 = Release|Any CPU
		{CAC4A0C4-C1E0-4E6E-B53B-EC5D6B3F8EFA}.Debug|Any CPU.ActiveCfg = Debug|Any CPU
		{CAC4A0C4-C1E0-4E6E-B53B-EC5D6B3F8EFA}.Debug|Any CPU.Build.0 = Debug|Any CPU
		{CAC4A0C4-C1E0-4E6E-B53B-EC5D6B3F8EFA}.Debug|TwinCAT CE7 (ARMV7).ActiveCfg = Debug|Any CPU
		{CAC4A0C4-C1E0-4E6E-B53B-EC5D6B3F8EFA}.Debug|TwinCAT CE7 (ARMV7).Build.0 = Debug|Any CPU
		{CAC4A0C4-C1E0-4E6E-B53B-EC5D6B3F8EFA}.Debug|TwinCAT OS (ARMT2).ActiveCfg = Debug|Any CPU
		{CAC4A0C4-C1E0-4E6E-B53B-EC5D6B3F8EFA}.Debug|TwinCAT OS (ARMT2).Build.0 = Debug|Any CPU
		{CAC4A0C4-C1E0-4E6E-B53B-EC5D6B3F8EFA}.Debug|TwinCAT RT (x64).ActiveCfg = Debug|Any CPU
		{CAC4A0C4-C1E0-4E6E-B53B-EC5D6B3F8EFA}.Debug|TwinCAT RT (x64).Build.0 = Debug|Any CPU
		{CAC4A0C4-C1E0-4E6E-B53B-EC5D6B3F8EFA}.Debug|TwinCAT RT (x86).ActiveCfg = Debug|Any CPU
		{CAC4A0C4-C1E0-4E6E-B53B-EC5D6B3F8EFA}.Debug|TwinCAT RT (x86).Build.0 = Debug|Any CPU
		{CAC4A0C4-C1E0-4E6E-B53B-EC5D6B3F8EFA}.Release|Any CPU.ActiveCfg = Release|Any CPU
		{CAC4A0C4-C1E0-4E6E-B53B-EC5D6B3F8EFA}.Release|Any CPU.Build.0 = Release|Any CPU
		{CAC4A0C4-C1E0-4E6E-B53B-EC5D6B3F8EFA}.Release|TwinCAT CE7 (ARMV7).ActiveCfg = Release|Any CPU
		{CAC4A0C4-C1E0-4E6E-B53B-EC5D6B3F8EFA}.Release|TwinCAT CE7 (ARMV7).Build.0 = Release|Any CPU
		{CAC4A0C4-C1E0-4E6E-B53B-EC5D6B3F8EFA}.Release|TwinCAT OS (ARMT2).ActiveCfg = Release|Any CPU
		{CAC4A0C4-C1E0-4E6E-B53B-EC5D6B3F8EFA}.Release|TwinCAT OS (ARMT2).Build.0 = Release|Any CPU
		{CAC4A0C4-C1E0-4E6E-B53B-EC5D6B3F8EFA}.Release|TwinCAT RT (x64).ActiveCfg = Release|Any CPU
		{CAC4A0C4-C1E0-4E6E-B53B-EC5D6B3F8EFA}.Release|TwinCAT RT (x64).Build.0 = Release|Any CPU
		{CAC4A0C4-C1E0-4E6E-B53B-EC5D6B3F8EFA}.Release|TwinCAT RT (x86).ActiveCfg = Release|Any CPU
		{CAC4A0C4-C1E0-4E6E-B53B-EC5D6B3F8EFA}.Release|TwinCAT RT (x86).Build.0 = Release|Any CPU
		{8E14D9F6-4A7B-4594-9203-3C491D4230A8}.Debug|Any CPU.ActiveCfg = Debug|Any CPU
		{8E14D9F6-4A7B-4594-9203-3C491D4230A8}.Debug|Any CPU.Build.0 = Debug|Any CPU
		{8E14D9F6-4A7B-4594-9203-3C491D4230A8}.Debug|TwinCAT CE7 (ARMV7).ActiveCfg = Debug|Any CPU
		{8E14D9F6-4A7B-4594-9203-3C491D4230A8}.Debug|TwinCAT CE7 (ARMV7).Build.0 = Debug|Any CPU
		{8E14D9F6-4A7B-4594-9203-3C491D4230A8}.Debug|TwinCAT OS (ARMT2).ActiveCfg = Debug|Any CPU
		{8E14D9F6-4A7B-4594-9203-3C491D4230A8}.Debug|TwinCAT OS (ARMT2).Build.0 = Debug|Any CPU
		{8E14D9F6-4A7B-4594-9203-3C491D4230A8}.Debug|TwinCAT RT (x64).ActiveCfg = Debug|Any CPU
		{8E14D9F6-4A7B-4594-9203-3C491D4230A8}.Debug|TwinCAT RT (x64).Build.0 = Debug|Any CPU
		{8E14D9F6-4A7B-4594-9203-3C491D4230A8}.Debug|TwinCAT RT (x86).ActiveCfg = Debug|Any CPU
		{8E14D9F6-4A7B-4594-9203-3C491D4230A8}.Debug|TwinCAT RT (x86).Build.0 = Debug|Any CPU
		{8E14D9F6-4A7B-4594-9203-3C491D4230A8}.Release|Any CPU.ActiveCfg = Release|Any CPU
		{8E14D9F6-4A7B-4594-9203-3C491D4230A8}.Release|Any CPU.Build.0 = Release|Any CPU
		{8E14D9F6-4A7B-4594-9203-3C491D4230A8}.Release|TwinCAT CE7 (ARMV7).ActiveCfg = Release|Any CPU
		{8E14D9F6-4A7B-4594-9203-3C491D4230A8}.Release|TwinCAT CE7 (ARMV7).Build.0 = Release|Any CPU
		{8E14D9F6-4A7B-4594-9203-3C491D4230A8}.Release|TwinCAT OS (ARMT2).ActiveCfg = Release|Any CPU
		{8E14D9F6-4A7B-4594-9203-3C491D4230A8}.Release|TwinCAT OS (ARMT2).Build.0 = Release|Any CPU
		{8E14D9F6-4A7B-4594-9203-3C491D4230A8}.Release|TwinCAT RT (x64).ActiveCfg = Release|Any CPU
		{8E14D9F6-4A7B-4594-9203-3C491D4230A8}.Release|TwinCAT RT (x64).Build.0 = Release|Any CPU
		{8E14D9F6-4A7B-4594-9203-3C491D4230A8}.Release|TwinCAT RT (x86).ActiveCfg = Release|Any CPU
		{8E14D9F6-4A7B-4594-9203-3C491D4230A8}.Release|TwinCAT RT (x86).Build.0 = Release|Any CPU
		{7DAED30B-0F61-4B4A-9DB1-4319236F6035}.Debug|Any CPU.ActiveCfg = Debug|Any CPU
		{7DAED30B-0F61-4B4A-9DB1-4319236F6035}.Debug|Any CPU.Build.0 = Debug|Any CPU
		{7DAED30B-0F61-4B4A-9DB1-4319236F6035}.Debug|TwinCAT CE7 (ARMV7).ActiveCfg = Debug|Any CPU
		{7DAED30B-0F61-4B4A-9DB1-4319236F6035}.Debug|TwinCAT CE7 (ARMV7).Build.0 = Debug|Any CPU
		{7DAED30B-0F61-4B4A-9DB1-4319236F6035}.Debug|TwinCAT OS (ARMT2).ActiveCfg = Debug|Any CPU
		{7DAED30B-0F61-4B4A-9DB1-4319236F6035}.Debug|TwinCAT OS (ARMT2).Build.0 = Debug|Any CPU
		{7DAED30B-0F61-4B4A-9DB1-4319236F6035}.Debug|TwinCAT RT (x64).ActiveCfg = Debug|Any CPU
		{7DAED30B-0F61-4B4A-9DB1-4319236F6035}.Debug|TwinCAT RT (x64).Build.0 = Debug|Any CPU
		{7DAED30B-0F61-4B4A-9DB1-4319236F6035}.Debug|TwinCAT RT (x86).ActiveCfg = Debug|Any CPU
		{7DAED30B-0F61-4B4A-9DB1-4319236F6035}.Debug|TwinCAT RT (x86).Build.0 = Debug|Any CPU
		{7DAED30B-0F61-4B4A-9DB1-4319236F6035}.Release|Any CPU.ActiveCfg = Release|Any CPU
		{7DAED30B-0F61-4B4A-9DB1-4319236F6035}.Release|Any CPU.Build.0 = Release|Any CPU
		{7DAED30B-0F61-4B4A-9DB1-4319236F6035}.Release|TwinCAT CE7 (ARMV7).ActiveCfg = Release|Any CPU
		{7DAED30B-0F61-4B4A-9DB1-4319236F6035}.Release|TwinCAT CE7 (ARMV7).Build.0 = Release|Any CPU
		{7DAED30B-0F61-4B4A-9DB1-4319236F6035}.Release|TwinCAT OS (ARMT2).ActiveCfg = Release|Any CPU
		{7DAED30B-0F61-4B4A-9DB1-4319236F6035}.Release|TwinCAT OS (ARMT2).Build.0 = Release|Any CPU
		{7DAED30B-0F61-4B4A-9DB1-4319236F6035}.Release|TwinCAT RT (x64).ActiveCfg = Release|Any CPU
		{7DAED30B-0F61-4B4A-9DB1-4319236F6035}.Release|TwinCAT RT (x64).Build.0 = Release|Any CPU
		{7DAED30B-0F61-4B4A-9DB1-4319236F6035}.Release|TwinCAT RT (x86).ActiveCfg = Release|Any CPU
		{7DAED30B-0F61-4B4A-9DB1-4319236F6035}.Release|TwinCAT RT (x86).Build.0 = Release|Any CPU
		{DEFA7895-3DB9-4B49-A9A2-D4CECAADA095}.Debug|Any CPU.ActiveCfg = Debug|Any CPU
		{DEFA7895-3DB9-4B49-A9A2-D4CECAADA095}.Debug|Any CPU.Build.0 = Debug|Any CPU
		{DEFA7895-3DB9-4B49-A9A2-D4CECAADA095}.Debug|TwinCAT CE7 (ARMV7).ActiveCfg = Debug|Any CPU
		{DEFA7895-3DB9-4B49-A9A2-D4CECAADA095}.Debug|TwinCAT CE7 (ARMV7).Build.0 = Debug|Any CPU
		{DEFA7895-3DB9-4B49-A9A2-D4CECAADA095}.Debug|TwinCAT OS (ARMT2).ActiveCfg = Debug|Any CPU
		{DEFA7895-3DB9-4B49-A9A2-D4CECAADA095}.Debug|TwinCAT OS (ARMT2).Build.0 = Debug|Any CPU
		{DEFA7895-3DB9-4B49-A9A2-D4CECAADA095}.Debug|TwinCAT RT (x64).ActiveCfg = Debug|Any CPU
		{DEFA7895-3DB9-4B49-A9A2-D4CECAADA095}.Debug|TwinCAT RT (x64).Build.0 = Debug|Any CPU
		{DEFA7895-3DB9-4B49-A9A2-D4CECAADA095}.Debug|TwinCAT RT (x86).ActiveCfg = Debug|Any CPU
		{DEFA7895-3DB9-4B49-A9A2-D4CECAADA095}.Debug|TwinCAT RT (x86).Build.0 = Debug|Any CPU
		{DEFA7895-3DB9-4B49-A9A2-D4CECAADA095}.Release|Any CPU.ActiveCfg = Release|Any CPU
		{DEFA7895-3DB9-4B49-A9A2-D4CECAADA095}.Release|Any CPU.Build.0 = Release|Any CPU
		{DEFA7895-3DB9-4B49-A9A2-D4CECAADA095}.Release|TwinCAT CE7 (ARMV7).ActiveCfg = Release|Any CPU
		{DEFA7895-3DB9-4B49-A9A2-D4CECAADA095}.Release|TwinCAT CE7 (ARMV7).Build.0 = Release|Any CPU
		{DEFA7895-3DB9-4B49-A9A2-D4CECAADA095}.Release|TwinCAT OS (ARMT2).ActiveCfg = Release|Any CPU
		{DEFA7895-3DB9-4B49-A9A2-D4CECAADA095}.Release|TwinCAT OS (ARMT2).Build.0 = Release|Any CPU
		{DEFA7895-3DB9-4B49-A9A2-D4CECAADA095}.Release|TwinCAT RT (x64).ActiveCfg = Release|Any CPU
		{DEFA7895-3DB9-4B49-A9A2-D4CECAADA095}.Release|TwinCAT RT (x64).Build.0 = Release|Any CPU
		{DEFA7895-3DB9-4B49-A9A2-D4CECAADA095}.Release|TwinCAT RT (x86).ActiveCfg = Release|Any CPU
		{DEFA7895-3DB9-4B49-A9A2-D4CECAADA095}.Release|TwinCAT RT (x86).Build.0 = Release|Any CPU
		{592C89E5-2C6C-4899-B106-F60359B785EA}.Debug|Any CPU.ActiveCfg = Debug|Any CPU
		{592C89E5-2C6C-4899-B106-F60359B785EA}.Debug|Any CPU.Build.0 = Debug|Any CPU
		{592C89E5-2C6C-4899-B106-F60359B785EA}.Debug|TwinCAT CE7 (ARMV7).ActiveCfg = Debug|Any CPU
		{592C89E5-2C6C-4899-B106-F60359B785EA}.Debug|TwinCAT CE7 (ARMV7).Build.0 = Debug|Any CPU
		{592C89E5-2C6C-4899-B106-F60359B785EA}.Debug|TwinCAT OS (ARMT2).ActiveCfg = Debug|Any CPU
		{592C89E5-2C6C-4899-B106-F60359B785EA}.Debug|TwinCAT OS (ARMT2).Build.0 = Debug|Any CPU
		{592C89E5-2C6C-4899-B106-F60359B785EA}.Debug|TwinCAT RT (x64).ActiveCfg = Debug|Any CPU
		{592C89E5-2C6C-4899-B106-F60359B785EA}.Debug|TwinCAT RT (x64).Build.0 = Debug|Any CPU
		{592C89E5-2C6C-4899-B106-F60359B785EA}.Debug|TwinCAT RT (x86).ActiveCfg = Debug|Any CPU
		{592C89E5-2C6C-4899-B106-F60359B785EA}.Debug|TwinCAT RT (x86).Build.0 = Debug|Any CPU
		{592C89E5-2C6C-4899-B106-F60359B785EA}.Release|Any CPU.ActiveCfg = Release|Any CPU
		{592C89E5-2C6C-4899-B106-F60359B785EA}.Release|Any CPU.Build.0 = Release|Any CPU
		{592C89E5-2C6C-4899-B106-F60359B785EA}.Release|TwinCAT CE7 (ARMV7).ActiveCfg = Release|Any CPU
		{592C89E5-2C6C-4899-B106-F60359B785EA}.Release|TwinCAT CE7 (ARMV7).Build.0 = Release|Any CPU
		{592C89E5-2C6C-4899-B106-F60359B785EA}.Release|TwinCAT OS (ARMT2).ActiveCfg = Release|Any CPU
		{592C89E5-2C6C-4899-B106-F60359B785EA}.Release|TwinCAT OS (ARMT2).Build.0 = Release|Any CPU
		{592C89E5-2C6C-4899-B106-F60359B785EA}.Release|TwinCAT RT (x64).ActiveCfg = Release|Any CPU
		{592C89E5-2C6C-4899-B106-F60359B785EA}.Release|TwinCAT RT (x64).Build.0 = Release|Any CPU
		{592C89E5-2C6C-4899-B106-F60359B785EA}.Release|TwinCAT RT (x86).ActiveCfg = Release|Any CPU
		{592C89E5-2C6C-4899-B106-F60359B785EA}.Release|TwinCAT RT (x86).Build.0 = Release|Any CPU
		{D7AAD397-E747-42FE-998E-2A4A5E63C745}.Debug|Any CPU.ActiveCfg = Debug|Any CPU
		{D7AAD397-E747-42FE-998E-2A4A5E63C745}.Debug|Any CPU.Build.0 = Debug|Any CPU
		{D7AAD397-E747-42FE-998E-2A4A5E63C745}.Debug|TwinCAT CE7 (ARMV7).ActiveCfg = Debug|Any CPU
		{D7AAD397-E747-42FE-998E-2A4A5E63C745}.Debug|TwinCAT CE7 (ARMV7).Build.0 = Debug|Any CPU
		{D7AAD397-E747-42FE-998E-2A4A5E63C745}.Debug|TwinCAT OS (ARMT2).ActiveCfg = Debug|Any CPU
		{D7AAD397-E747-42FE-998E-2A4A5E63C745}.Debug|TwinCAT OS (ARMT2).Build.0 = Debug|Any CPU
		{D7AAD397-E747-42FE-998E-2A4A5E63C745}.Debug|TwinCAT RT (x64).ActiveCfg = Debug|Any CPU
		{D7AAD397-E747-42FE-998E-2A4A5E63C745}.Debug|TwinCAT RT (x64).Build.0 = Debug|Any CPU
		{D7AAD397-E747-42FE-998E-2A4A5E63C745}.Debug|TwinCAT RT (x86).ActiveCfg = Debug|Any CPU
		{D7AAD397-E747-42FE-998E-2A4A5E63C745}.Debug|TwinCAT RT (x86).Build.0 = Debug|Any CPU
		{D7AAD397-E747-42FE-998E-2A4A5E63C745}.Release|Any CPU.ActiveCfg = Release|Any CPU
		{D7AAD397-E747-42FE-998E-2A4A5E63C745}.Release|Any CPU.Build.0 = Release|Any CPU
		{D7AAD397-E747-42FE-998E-2A4A5E63C745}.Release|TwinCAT CE7 (ARMV7).ActiveCfg = Release|Any CPU
		{D7AAD397-E747-42FE-998E-2A4A5E63C745}.Release|TwinCAT CE7 (ARMV7).Build.0 = Release|Any CPU
		{D7AAD397-E747-42FE-998E-2A4A5E63C745}.Release|TwinCAT OS (ARMT2).ActiveCfg = Release|Any CPU
		{D7AAD397-E747-42FE-998E-2A4A5E63C745}.Release|TwinCAT OS (ARMT2).Build.0 = Release|Any CPU
		{D7AAD397-E747-42FE-998E-2A4A5E63C745}.Release|TwinCAT RT (x64).ActiveCfg = Release|Any CPU
		{D7AAD397-E747-42FE-998E-2A4A5E63C745}.Release|TwinCAT RT (x64).Build.0 = Release|Any CPU
		{D7AAD397-E747-42FE-998E-2A4A5E63C745}.Release|TwinCAT RT (x86).ActiveCfg = Release|Any CPU
		{D7AAD397-E747-42FE-998E-2A4A5E63C745}.Release|TwinCAT RT (x86).Build.0 = Release|Any CPU
		{7D23192A-354F-434A-8FFF-E42C7845B196}.Debug|Any CPU.ActiveCfg = Debug|Any CPU
		{7D23192A-354F-434A-8FFF-E42C7845B196}.Debug|Any CPU.Build.0 = Debug|Any CPU
		{7D23192A-354F-434A-8FFF-E42C7845B196}.Debug|TwinCAT CE7 (ARMV7).ActiveCfg = Debug|Any CPU
		{7D23192A-354F-434A-8FFF-E42C7845B196}.Debug|TwinCAT CE7 (ARMV7).Build.0 = Debug|Any CPU
		{7D23192A-354F-434A-8FFF-E42C7845B196}.Debug|TwinCAT OS (ARMT2).ActiveCfg = Debug|Any CPU
		{7D23192A-354F-434A-8FFF-E42C7845B196}.Debug|TwinCAT OS (ARMT2).Build.0 = Debug|Any CPU
		{7D23192A-354F-434A-8FFF-E42C7845B196}.Debug|TwinCAT RT (x64).ActiveCfg = Debug|Any CPU
		{7D23192A-354F-434A-8FFF-E42C7845B196}.Debug|TwinCAT RT (x64).Build.0 = Debug|Any CPU
		{7D23192A-354F-434A-8FFF-E42C7845B196}.Debug|TwinCAT RT (x86).ActiveCfg = Debug|Any CPU
		{7D23192A-354F-434A-8FFF-E42C7845B196}.Debug|TwinCAT RT (x86).Build.0 = Debug|Any CPU
		{7D23192A-354F-434A-8FFF-E42C7845B196}.Release|Any CPU.ActiveCfg = Release|Any CPU
		{7D23192A-354F-434A-8FFF-E42C7845B196}.Release|Any CPU.Build.0 = Release|Any CPU
		{7D23192A-354F-434A-8FFF-E42C7845B196}.Release|TwinCAT CE7 (ARMV7).ActiveCfg = Release|Any CPU
		{7D23192A-354F-434A-8FFF-E42C7845B196}.Release|TwinCAT CE7 (ARMV7).Build.0 = Release|Any CPU
		{7D23192A-354F-434A-8FFF-E42C7845B196}.Release|TwinCAT OS (ARMT2).ActiveCfg = Release|Any CPU
		{7D23192A-354F-434A-8FFF-E42C7845B196}.Release|TwinCAT OS (ARMT2).Build.0 = Release|Any CPU
		{7D23192A-354F-434A-8FFF-E42C7845B196}.Release|TwinCAT RT (x64).ActiveCfg = Release|Any CPU
		{7D23192A-354F-434A-8FFF-E42C7845B196}.Release|TwinCAT RT (x64).Build.0 = Release|Any CPU
		{7D23192A-354F-434A-8FFF-E42C7845B196}.Release|TwinCAT RT (x86).ActiveCfg = Release|Any CPU
		{7D23192A-354F-434A-8FFF-E42C7845B196}.Release|TwinCAT RT (x86).Build.0 = Release|Any CPU
		{2AEF6D69-987E-4C7A-932E-FD81411C270A}.Debug|Any CPU.ActiveCfg = Debug|TwinCAT RT (x64)
		{2AEF6D69-987E-4C7A-932E-FD81411C270A}.Debug|Any CPU.Build.0 = Debug|TwinCAT RT (x64)
		{2AEF6D69-987E-4C7A-932E-FD81411C270A}.Debug|TwinCAT CE7 (ARMV7).ActiveCfg = Debug|TwinCAT CE7 (ARMV7)
		{2AEF6D69-987E-4C7A-932E-FD81411C270A}.Debug|TwinCAT CE7 (ARMV7).Build.0 = Debug|TwinCAT CE7 (ARMV7)
		{2AEF6D69-987E-4C7A-932E-FD81411C270A}.Debug|TwinCAT OS (ARMT2).ActiveCfg = Debug|TwinCAT OS (ARMT2)
		{2AEF6D69-987E-4C7A-932E-FD81411C270A}.Debug|TwinCAT OS (ARMT2).Build.0 = Debug|TwinCAT OS (ARMT2)
		{2AEF6D69-987E-4C7A-932E-FD81411C270A}.Debug|TwinCAT RT (x64).ActiveCfg = Debug|TwinCAT RT (x64)
		{2AEF6D69-987E-4C7A-932E-FD81411C270A}.Debug|TwinCAT RT (x64).Build.0 = Debug|TwinCAT RT (x64)
		{2AEF6D69-987E-4C7A-932E-FD81411C270A}.Debug|TwinCAT RT (x86).ActiveCfg = Debug|TwinCAT RT (x86)
		{2AEF6D69-987E-4C7A-932E-FD81411C270A}.Debug|TwinCAT RT (x86).Build.0 = Debug|TwinCAT RT (x86)
		{2AEF6D69-987E-4C7A-932E-FD81411C270A}.Release|Any CPU.ActiveCfg = Release|TwinCAT RT (x64)
		{2AEF6D69-987E-4C7A-932E-FD81411C270A}.Release|Any CPU.Build.0 = Release|TwinCAT RT (x64)
		{2AEF6D69-987E-4C7A-932E-FD81411C270A}.Release|TwinCAT CE7 (ARMV7).ActiveCfg = Release|TwinCAT CE7 (ARMV7)
		{2AEF6D69-987E-4C7A-932E-FD81411C270A}.Release|TwinCAT CE7 (ARMV7).Build.0 = Release|TwinCAT CE7 (ARMV7)
		{2AEF6D69-987E-4C7A-932E-FD81411C270A}.Release|TwinCAT OS (ARMT2).ActiveCfg = Release|TwinCAT OS (ARMT2)
		{2AEF6D69-987E-4C7A-932E-FD81411C270A}.Release|TwinCAT OS (ARMT2).Build.0 = Release|TwinCAT OS (ARMT2)
		{2AEF6D69-987E-4C7A-932E-FD81411C270A}.Release|TwinCAT RT (x64).ActiveCfg = Release|TwinCAT RT (x64)
		{2AEF6D69-987E-4C7A-932E-FD81411C270A}.Release|TwinCAT RT (x64).Build.0 = Release|TwinCAT RT (x64)
		{2AEF6D69-987E-4C7A-932E-FD81411C270A}.Release|TwinCAT RT (x86).ActiveCfg = Release|TwinCAT RT (x86)
		{2AEF6D69-987E-4C7A-932E-FD81411C270A}.Release|TwinCAT RT (x86).Build.0 = Release|TwinCAT RT (x86)
		{5B7F037F-1179-4D49-8DFB-7903F2B476AA}.Debug|Any CPU.ActiveCfg = Debug|TwinCAT RT (x64)
		{5B7F037F-1179-4D49-8DFB-7903F2B476AA}.Debug|Any CPU.Build.0 = Debug|TwinCAT RT (x64)
		{5B7F037F-1179-4D49-8DFB-7903F2B476AA}.Debug|TwinCAT CE7 (ARMV7).ActiveCfg = Debug|TwinCAT CE7 (ARMV7)
		{5B7F037F-1179-4D49-8DFB-7903F2B476AA}.Debug|TwinCAT CE7 (ARMV7).Build.0 = Debug|TwinCAT CE7 (ARMV7)
		{5B7F037F-1179-4D49-8DFB-7903F2B476AA}.Debug|TwinCAT OS (ARMT2).ActiveCfg = Debug|TwinCAT OS (ARMT2)
		{5B7F037F-1179-4D49-8DFB-7903F2B476AA}.Debug|TwinCAT OS (ARMT2).Build.0 = Debug|TwinCAT OS (ARMT2)
		{5B7F037F-1179-4D49-8DFB-7903F2B476AA}.Debug|TwinCAT RT (x64).ActiveCfg = Debug|TwinCAT RT (x64)
		{5B7F037F-1179-4D49-8DFB-7903F2B476AA}.Debug|TwinCAT RT (x64).Build.0 = Debug|TwinCAT RT (x64)
		{5B7F037F-1179-4D49-8DFB-7903F2B476AA}.Debug|TwinCAT RT (x86).ActiveCfg = Debug|TwinCAT RT (x86)
		{5B7F037F-1179-4D49-8DFB-7903F2B476AA}.Debug|TwinCAT RT (x86).Build.0 = Debug|TwinCAT RT (x86)
		{5B7F037F-1179-4D49-8DFB-7903F2B476AA}.Release|Any CPU.ActiveCfg = Release|TwinCAT RT (x86)
		{5B7F037F-1179-4D49-8DFB-7903F2B476AA}.Release|TwinCAT CE7 (ARMV7).ActiveCfg = Release|TwinCAT CE7 (ARMV7)
		{5B7F037F-1179-4D49-8DFB-7903F2B476AA}.Release|TwinCAT CE7 (ARMV7).Build.0 = Release|TwinCAT CE7 (ARMV7)
		{5B7F037F-1179-4D49-8DFB-7903F2B476AA}.Release|TwinCAT OS (ARMT2).ActiveCfg = Release|TwinCAT OS (ARMT2)
		{5B7F037F-1179-4D49-8DFB-7903F2B476AA}.Release|TwinCAT OS (ARMT2).Build.0 = Release|TwinCAT OS (ARMT2)
		{5B7F037F-1179-4D49-8DFB-7903F2B476AA}.Release|TwinCAT RT (x64).ActiveCfg = Release|TwinCAT RT (x64)
		{5B7F037F-1179-4D49-8DFB-7903F2B476AA}.Release|TwinCAT RT (x64).Build.0 = Release|TwinCAT RT (x64)
		{5B7F037F-1179-4D49-8DFB-7903F2B476AA}.Release|TwinCAT RT (x86).ActiveCfg = Release|TwinCAT RT (x86)
		{5B7F037F-1179-4D49-8DFB-7903F2B476AA}.Release|TwinCAT RT (x86).Build.0 = Release|TwinCAT RT (x86)
	EndGlobalSection
	GlobalSection(SolutionProperties) = preSolution
		HideSolutionNode = FALSE
	EndGlobalSection
	GlobalSection(ExtensibilityGlobals) = postSolution
		SolutionGuid = {A4A9E3D8-A960-4465-8480-2FFE62FE6B23}
	EndGlobalSection
EndGlobal
