
Microsoft Visual Studio Solution File, Format Version 12.00
# Visual Studio Version 16
VisualStudioVersion = 16.0.31729.503
MinimumVisualStudioVersion = 10.0.40219.1
Project("{9A19103F-16F7-4668-BE54-9A1E7A4F7556}") = "CustomSessionProvider", "CustomSessionProvider.csproj", "{C45A2ABF-C54F-4DA4-A8DE-0B14E66F6D63}"
EndProject
Global
	GlobalSection(SolutionConfigurationPlatforms) = preSolution
		Debug|Any CPU = Debug|Any CPU
		Release|Any CPU = Release|Any CPU
	EndGlobalSection
	GlobalSection(ProjectConfigurationPlatforms) = postSolution
		{C45A2ABF-C54F-4DA4-A8DE-0B14E66F6D63}.Debug|Any CPU.ActiveCfg = Debug|Any CPU
		{C45A2ABF-C54F-4DA4-A8DE-0B14E66F6D63}.Debug|Any CPU.Build.0 = Debug|Any CPU
		{C45A2ABF-C54F-4DA4-A8DE-0B14E66F6D63}.Release|Any CPU.ActiveCfg = Release|Any CPU
		{C45A2ABF-C54F-4DA4-A8DE-0B14E66F6D63}.Release|Any CPU.Build.0 = Release|Any CPU
	EndGlobalSection
	GlobalSection(SolutionProperties) = preSolution
		HideSolutionNode = FALSE
	EndGlobalSection
	GlobalSection(ExtensibilityGlobals) = postSolution
		SolutionGuid = {EE6FD77E-FB71-4407-9542-8AB1D9E292BE}
	EndGlobalSection
EndGlobal
